
Microsoft Visual Studio Solution File, Format Version 12.00
# Visual Studio Version 16
VisualStudioVersion = 16.0.29509.3
MinimumVisualStudioVersion = 10.0.40219.1
Project("{9A19103F-16F7-4668-BE54-9A1E7A4F7556}") = "LAB3_4", "LAB3_4\LAB3_4.csproj", "{C9F8A9CD-18AE-4836-AC3A-E90C862EDC77}"
EndProject
Global
	GlobalSection(SolutionConfigurationPlatforms) = preSolution
		Debug|Any CPU = Debug|Any CPU
		Release|Any CPU = Release|Any CPU
	EndGlobalSection
	GlobalSection(ProjectConfigurationPlatforms) = postSolution
		{C9F8A9CD-18AE-4836-AC3A-E90C862EDC77}.Debug|Any CPU.ActiveCfg = Debug|Any CPU
		{C9F8A9CD-18AE-4836-AC3A-E90C862EDC77}.Debug|Any CPU.Build.0 = Debug|Any CPU
		{C9F8A9CD-18AE-4836-AC3A-E90C862EDC77}.Release|Any CPU.ActiveCfg = Release|Any CPU
		{C9F8A9CD-18AE-4836-AC3A-E90C862EDC77}.Release|Any CPU.Build.0 = Release|Any CPU
	EndGlobalSection
	GlobalSection(SolutionProperties) = preSolution
		HideSolutionNode = FALSE
	EndGlobalSection
	GlobalSection(ExtensibilityGlobals) = postSolution
		SolutionGuid = {9C6CAFAE-87D4-40F2-940A-710BAD46723F}
	EndGlobalSection
EndGlobal
